
Microsoft Visual Studio Solution File, Format Version 12.00
# Visual Studio 15
VisualStudioVersion = 15.0.28010.2026
MinimumVisualStudioVersion = 10.0.40219.1
Project("{FAE04EC0-301F-11D3-BF4B-00C04F79EFBC}") = "MonsterClasses", "MonsterClasses\MonsterClasses.csproj", "{AA256A9D-EB67-44A6-91A2-2777806C64A8}"
EndProject
Global
	GlobalSection(SolutionConfigurationPlatforms) = preSolution
		Debug|Any CPU = Debug|Any CPU
		Release|Any CPU = Release|Any CPU
	EndGlobalSection
	GlobalSection(ProjectConfigurationPlatforms) = postSolution
		{AA256A9D-EB67-44A6-91A2-2777806C64A8}.Debug|Any CPU.ActiveCfg = Debug|Any CPU
		{AA256A9D-EB67-44A6-91A2-2777806C64A8}.Debug|Any CPU.Build.0 = Debug|Any CPU
		{AA256A9D-EB67-44A6-91A2-2777806C64A8}.Release|Any CPU.ActiveCfg = Release|Any CPU
		{AA256A9D-EB67-44A6-91A2-2777806C64A8}.Release|Any CPU.Build.0 = Release|Any CPU
	EndGlobalSection
	GlobalSection(SolutionProperties) = preSolution
		HideSolutionNode = FALSE
	EndGlobalSection
	GlobalSection(ExtensibilityGlobals) = postSolution
		SolutionGuid = {B9305FE7-F82D-42C7-AD34-7440066A9D22}
	EndGlobalSection
EndGlobal
